
Microsoft Visual Studio Solution File, Format Version 12.00
# Visual Studio 2012
Project("{FAE04EC0-301F-11D3-BF4B-00C04F79EFBC}") = "alfa3.0", "alfa3.0\alfa3.0.csproj", "{9EE04242-27A1-4A73-806D-EDA819B657FD}"
EndProject
Global
	GlobalSection(SolutionConfigurationPlatforms) = preSolution
		Debug|Any CPU = Debug|Any CPU
		Release|Any CPU = Release|Any CPU
	EndGlobalSection
	GlobalSection(ProjectConfigurationPlatforms) = postSolution
		{9EE04242-27A1-4A73-806D-EDA819B657FD}.Debug|Any CPU.ActiveCfg = Debug|Any CPU
		{9EE04242-27A1-4A73-806D-EDA819B657FD}.Debug|Any CPU.Build.0 = Debug|Any CPU
		{9EE04242-27A1-4A73-806D-EDA819B657FD}.Release|Any CPU.ActiveCfg = Release|Any CPU
		{9EE04242-27A1-4A73-806D-EDA819B657FD}.Release|Any CPU.Build.0 = Release|Any CPU
	EndGlobalSection
	GlobalSection(SolutionProperties) = preSolution
		HideSolutionNode = FALSE
	EndGlobalSection
EndGlobal
